// !$*UTF8*$!
{
	archiveVersion = 1;
	classes = {
	};
	objectVersion = 56;
	objects = {

/* Begin PBXBuildFile section */
		05467BB52A140F5500BC86A9 /* RegisterStruct.swift in Sources */ = {isa = PBXBuildFile; fileRef = 05467BB42A140F5500BC86A9 /* RegisterStruct.swift */; };
		05467BB72A14102E00BC86A9 /* RegisterViewModel.swift in Sources */ = {isa = PBXBuildFile; fileRef = 05467BB62A14102E00BC86A9 /* RegisterViewModel.swift */; };
		057E611C2A167D28008740F2 /* TopicsViewCell.swift in Sources */ = {isa = PBXBuildFile; fileRef = 057E611A2A167D28008740F2 /* TopicsViewCell.swift */; };
		057E611D2A167D28008740F2 /* TopicsViewCell.xib in Resources */ = {isa = PBXBuildFile; fileRef = 057E611B2A167D28008740F2 /* TopicsViewCell.xib */; };
		057E611F2A1BE331008740F2 /* UnsplashInfoViewController.swift in Sources */ = {isa = PBXBuildFile; fileRef = 057E611E2A1BE331008740F2 /* UnsplashInfoViewController.swift */; };
		057E61212A1D0EE9008740F2 /* HeaderCollectionReusableView.swift in Sources */ = {isa = PBXBuildFile; fileRef = 057E61202A1D0EE9008740F2 /* HeaderCollectionReusableView.swift */; };
		05A0F49A2A0F820100AEE01F /* AppDelegate.swift in Sources */ = {isa = PBXBuildFile; fileRef = 05A0F4992A0F820100AEE01F /* AppDelegate.swift */; };
		05A0F49C2A0F820100AEE01F /* SceneDelegate.swift in Sources */ = {isa = PBXBuildFile; fileRef = 05A0F49B2A0F820100AEE01F /* SceneDelegate.swift */; };
		05A0F4A12A0F820100AEE01F /* Main.storyboard in Resources */ = {isa = PBXBuildFile; fileRef = 05A0F49F2A0F820100AEE01F /* Main.storyboard */; };
		05A0F4A32A0F820400AEE01F /* Assets.xcassets in Resources */ = {isa = PBXBuildFile; fileRef = 05A0F4A22A0F820400AEE01F /* Assets.xcassets */; };
		05A0F4A62A0F820400AEE01F /* LaunchScreen.storyboard in Resources */ = {isa = PBXBuildFile; fileRef = 05A0F4A42A0F820400AEE01F /* LaunchScreen.storyboard */; };
		05A0F4AF2A0F856D00AEE01F /* MainViewController.swift in Sources */ = {isa = PBXBuildFile; fileRef = 05A0F4AE2A0F856D00AEE01F /* MainViewController.swift */; };
		05A0F4B12A0F85E000AEE01F /* SearchViewController.swift in Sources */ = {isa = PBXBuildFile; fileRef = 05A0F4B02A0F85DF00AEE01F /* SearchViewController.swift */; };
		05A0F4B42A112FE300AEE01F /* NetworkManager.swift in Sources */ = {isa = PBXBuildFile; fileRef = 05A0F4B32A112FE300AEE01F /* NetworkManager.swift */; };
		05A0F4B62A11301100AEE01F /* NetworkHelper.swift in Sources */ = {isa = PBXBuildFile; fileRef = 05A0F4B52A11301100AEE01F /* NetworkHelper.swift */; };
		05A0F4B92A11410A00AEE01F /* PhotosViewModel.swift in Sources */ = {isa = PBXBuildFile; fileRef = 05A0F4B82A11410A00AEE01F /* PhotosViewModel.swift */; };
		05A0F4BC2A11422B00AEE01F /* PhotosStruct.swift in Sources */ = {isa = PBXBuildFile; fileRef = 05A0F4BB2A11422B00AEE01F /* PhotosStruct.swift */; };
		05A0F4BE2A1169C300AEE01F /* LoginViewController.swift in Sources */ = {isa = PBXBuildFile; fileRef = 05A0F4BD2A1169C300AEE01F /* LoginViewController.swift */; };
		05A0F4C02A1230BC00AEE01F /* RegisterViewController.swift in Sources */ = {isa = PBXBuildFile; fileRef = 05A0F4BF2A1230BC00AEE01F /* RegisterViewController.swift */; };
		05A0F4C32A1281DC00AEE01F /* PhotosManager.swift in Sources */ = {isa = PBXBuildFile; fileRef = 05A0F4C22A1281DC00AEE01F /* PhotosManager.swift */; };
		05A0F4C52A12826B00AEE01F /* PhotosManagerHelper.swift in Sources */ = {isa = PBXBuildFile; fileRef = 05A0F4C42A12826B00AEE01F /* PhotosManagerHelper.swift */; };
		05A0F4C82A128A2C00AEE01F /* PhotosViewCell.swift in Sources */ = {isa = PBXBuildFile; fileRef = 05A0F4C62A128A2C00AEE01F /* PhotosViewCell.swift */; };
		05A0F4C92A128A2C00AEE01F /* PhotosViewCell.xib in Resources */ = {isa = PBXBuildFile; fileRef = 05A0F4C72A128A2C00AEE01F /* PhotosViewCell.xib */; };
		05A0F4CB2A128D6D00AEE01F /* UIImageView+ext.swift in Sources */ = {isa = PBXBuildFile; fileRef = 05A0F4CA2A128D6D00AEE01F /* UIImageView+ext.swift */; };
		05A0F4CF2A1381F700AEE01F /* TopicsStruct.swift in Sources */ = {isa = PBXBuildFile; fileRef = 05A0F4CE2A1381F700AEE01F /* TopicsStruct.swift */; };
		05A0F4D42A13854A00AEE01F /* UserPhotosViewController.swift in Sources */ = {isa = PBXBuildFile; fileRef = 05A0F4D32A13854A00AEE01F /* UserPhotosViewController.swift */; };
		DE39D2518160E47B72BEB95E /* Pods_UnsplashApp.framework in Frameworks */ = {isa = PBXBuildFile; fileRef = D96278CD26B9EC0FCEC23569 /* Pods_UnsplashApp.framework */; };
/* End PBXBuildFile section */

/* Begin PBXFileReference section */
		05467BB42A140F5500BC86A9 /* RegisterStruct.swift */ = {isa = PBXFileReference; lastKnownFileType = sourcecode.swift; path = RegisterStruct.swift; sourceTree = "<group>"; };
		05467BB62A14102E00BC86A9 /* RegisterViewModel.swift */ = {isa = PBXFileReference; lastKnownFileType = sourcecode.swift; path = RegisterViewModel.swift; sourceTree = "<group>"; };
		057E611A2A167D28008740F2 /* TopicsViewCell.swift */ = {isa = PBXFileReference; lastKnownFileType = sourcecode.swift; path = TopicsViewCell.swift; sourceTree = "<group>"; };
		057E611B2A167D28008740F2 /* TopicsViewCell.xib */ = {isa = PBXFileReference; lastKnownFileType = file.xib; path = TopicsViewCell.xib; sourceTree = "<group>"; };
		057E611E2A1BE331008740F2 /* UnsplashInfoViewController.swift */ = {isa = PBXFileReference; lastKnownFileType = sourcecode.swift; path = UnsplashInfoViewController.swift; sourceTree = "<group>"; };
		057E61202A1D0EE9008740F2 /* HeaderCollectionReusableView.swift */ = {isa = PBXFileReference; lastKnownFileType = sourcecode.swift; path = HeaderCollectionReusableView.swift; sourceTree = "<group>"; };
		05A0F4962A0F820100AEE01F /* UnsplashApp.app */ = {isa = PBXFileReference; explicitFileType = wrapper.application; includeInIndex = 0; path = UnsplashApp.app; sourceTree = BUILT_PRODUCTS_DIR; };
		05A0F4992A0F820100AEE01F /* AppDelegate.swift */ = {isa = PBXFileReference; lastKnownFileType = sourcecode.swift; path = AppDelegate.swift; sourceTree = "<group>"; };
		05A0F49B2A0F820100AEE01F /* SceneDelegate.swift */ = {isa = PBXFileReference; lastKnownFileType = sourcecode.swift; path = SceneDelegate.swift; sourceTree = "<group>"; };
		05A0F4A02A0F820100AEE01F /* Base */ = {isa = PBXFileReference; lastKnownFileType = file.storyboard; name = Base; path = Base.lproj/Main.storyboard; sourceTree = "<group>"; };
		05A0F4A22A0F820400AEE01F /* Assets.xcassets */ = {isa = PBXFileReference; lastKnownFileType = folder.assetcatalog; path = Assets.xcassets; sourceTree = "<group>"; };
		05A0F4A52A0F820400AEE01F /* Base */ = {isa = PBXFileReference; lastKnownFileType = file.storyboard; name = Base; path = Base.lproj/LaunchScreen.storyboard; sourceTree = "<group>"; };
		05A0F4A72A0F820400AEE01F /* Info.plist */ = {isa = PBXFileReference; lastKnownFileType = text.plist.xml; path = Info.plist; sourceTree = "<group>"; };
		05A0F4AE2A0F856D00AEE01F /* MainViewController.swift */ = {isa = PBXFileReference; lastKnownFileType = sourcecode.swift; path = MainViewController.swift; sourceTree = "<group>"; };
		05A0F4B02A0F85DF00AEE01F /* SearchViewController.swift */ = {isa = PBXFileReference; lastKnownFileType = sourcecode.swift; path = SearchViewController.swift; sourceTree = "<group>"; };
		05A0F4B32A112FE300AEE01F /* NetworkManager.swift */ = {isa = PBXFileReference; lastKnownFileType = sourcecode.swift; path = NetworkManager.swift; sourceTree = "<group>"; };
		05A0F4B52A11301100AEE01F /* NetworkHelper.swift */ = {isa = PBXFileReference; lastKnownFileType = sourcecode.swift; path = NetworkHelper.swift; sourceTree = "<group>"; };
		05A0F4B82A11410A00AEE01F /* PhotosViewModel.swift */ = {isa = PBXFileReference; lastKnownFileType = sourcecode.swift; path = PhotosViewModel.swift; sourceTree = "<group>"; };
		05A0F4BB2A11422B00AEE01F /* PhotosStruct.swift */ = {isa = PBXFileReference; lastKnownFileType = sourcecode.swift; path = PhotosStruct.swift; sourceTree = "<group>"; };
		05A0F4BD2A1169C300AEE01F /* LoginViewController.swift */ = {isa = PBXFileReference; lastKnownFileType = sourcecode.swift; path = LoginViewController.swift; sourceTree = "<group>"; };
		05A0F4BF2A1230BC00AEE01F /* RegisterViewController.swift */ = {isa = PBXFileReference; lastKnownFileType = sourcecode.swift; path = RegisterViewController.swift; sourceTree = "<group>"; };
		05A0F4C22A1281DC00AEE01F /* PhotosManager.swift */ = {isa = PBXFileReference; lastKnownFileType = sourcecode.swift; path = PhotosManager.swift; sourceTree = "<group>"; };
		05A0F4C42A12826B00AEE01F /* PhotosManagerHelper.swift */ = {isa = PBXFileReference; lastKnownFileType = sourcecode.swift; path = PhotosManagerHelper.swift; sourceTree = "<group>"; };
		05A0F4C62A128A2C00AEE01F /* PhotosViewCell.swift */ = {isa = PBXFileReference; lastKnownFileType = sourcecode.swift; path = PhotosViewCell.swift; sourceTree = "<group>"; };
		05A0F4C72A128A2C00AEE01F /* PhotosViewCell.xib */ = {isa = PBXFileReference; lastKnownFileType = file.xib; path = PhotosViewCell.xib; sourceTree = "<group>"; };
		05A0F4CA2A128D6D00AEE01F /* UIImageView+ext.swift */ = {isa = PBXFileReference; lastKnownFileType = sourcecode.swift; path = "UIImageView+ext.swift"; sourceTree = "<group>"; };
		05A0F4CE2A1381F700AEE01F /* TopicsStruct.swift */ = {isa = PBXFileReference; lastKnownFileType = sourcecode.swift; path = TopicsStruct.swift; sourceTree = "<group>"; };
		05A0F4D32A13854A00AEE01F /* UserPhotosViewController.swift */ = {isa = PBXFileReference; lastKnownFileType = sourcecode.swift; path = UserPhotosViewController.swift; sourceTree = "<group>"; };
		4EE4FF3B16A3475A465ACC8D /* Pods-UnsplashApp.debug.xcconfig */ = {isa = PBXFileReference; includeInIndex = 1; lastKnownFileType = text.xcconfig; name = "Pods-UnsplashApp.debug.xcconfig"; path = "Target Support Files/Pods-UnsplashApp/Pods-UnsplashApp.debug.xcconfig"; sourceTree = "<group>"; };
		65C1AB8604738E4399739CE9 /* Pods-UnsplashApp.release.xcconfig */ = {isa = PBXFileReference; includeInIndex = 1; lastKnownFileType = text.xcconfig; name = "Pods-UnsplashApp.release.xcconfig"; path = "Target Support Files/Pods-UnsplashApp/Pods-UnsplashApp.release.xcconfig"; sourceTree = "<group>"; };
		D96278CD26B9EC0FCEC23569 /* Pods_UnsplashApp.framework */ = {isa = PBXFileReference; explicitFileType = wrapper.framework; includeInIndex = 0; path = Pods_UnsplashApp.framework; sourceTree = BUILT_PRODUCTS_DIR; };
/* End PBXFileReference section */

/* Begin PBXFrameworksBuildPhase section */
		05A0F4932A0F820100AEE01F /* Frameworks */ = {
			isa = PBXFrameworksBuildPhase;
			buildActionMask = 2147483647;
			files = (
				DE39D2518160E47B72BEB95E /* Pods_UnsplashApp.framework in Frameworks */,
			);
			runOnlyForDeploymentPostprocessing = 0;
		};
/* End PBXFrameworksBuildPhase section */

/* Begin PBXGroup section */
		057E61222A1D0EF2008740F2 /* ReusableCollection */ = {
			isa = PBXGroup;
			children = (
				057E61202A1D0EE9008740F2 /* HeaderCollectionReusableView.swift */,
			);
			path = ReusableCollection;
			sourceTree = "<group>";
		};
		05A0F48D2A0F820100AEE01F = {
			isa = PBXGroup;
			children = (
				05A0F4982A0F820100AEE01F /* UnsplashApp */,
				05A0F4972A0F820100AEE01F /* Products */,
				1596914FD5F906FBED02F14C /* Pods */,
				5AC6470F92C16254E054548B /* Frameworks */,
			);
			sourceTree = "<group>";
		};
		05A0F4972A0F820100AEE01F /* Products */ = {
			isa = PBXGroup;
			children = (
				05A0F4962A0F820100AEE01F /* UnsplashApp.app */,
			);
			name = Products;
			sourceTree = "<group>";
		};
		05A0F4982A0F820100AEE01F /* UnsplashApp */ = {
			isa = PBXGroup;
			children = (
				05A0F4D02A1384B200AEE01F /* Helper */,
				05A0F4B22A112FC900AEE01F /* NetworkManager */,
				05A0F4992A0F820100AEE01F /* AppDelegate.swift */,
				05A0F49B2A0F820100AEE01F /* SceneDelegate.swift */,
				05A0F4BA2A11420F00AEE01F /* Model */,
				05A0F4AD2A0F852D00AEE01F /* View */,
				05A0F4B72A1140E500AEE01F /* ViewModel */,
				05A0F49F2A0F820100AEE01F /* Main.storyboard */,
				05A0F4A22A0F820400AEE01F /* Assets.xcassets */,
				05A0F4A42A0F820400AEE01F /* LaunchScreen.storyboard */,
				05A0F4A72A0F820400AEE01F /* Info.plist */,
			);
			path = UnsplashApp;
			sourceTree = "<group>";
		};
		05A0F4AD2A0F852D00AEE01F /* View */ = {
			isa = PBXGroup;
			children = (
				05A0F4AE2A0F856D00AEE01F /* MainViewController.swift */,
				05A0F4D32A13854A00AEE01F /* UserPhotosViewController.swift */,
				05A0F4B02A0F85DF00AEE01F /* SearchViewController.swift */,
				05A0F4BD2A1169C300AEE01F /* LoginViewController.swift */,
				05A0F4BF2A1230BC00AEE01F /* RegisterViewController.swift */,
				057E611E2A1BE331008740F2 /* UnsplashInfoViewController.swift */,
			);
			path = View;
			sourceTree = "<group>";
		};
		05A0F4B22A112FC900AEE01F /* NetworkManager */ = {
			isa = PBXGroup;
			children = (
				05A0F4C12A1281B300AEE01F /* PhotosManager */,
				05A0F4B32A112FE300AEE01F /* NetworkManager.swift */,
				05A0F4B52A11301100AEE01F /* NetworkHelper.swift */,
			);
			path = NetworkManager;
			sourceTree = "<group>";
		};
		05A0F4B72A1140E500AEE01F /* ViewModel */ = {
			isa = PBXGroup;
			children = (
				05A0F4B82A11410A00AEE01F /* PhotosViewModel.swift */,
				05467BB62A14102E00BC86A9 /* RegisterViewModel.swift */,
			);
			path = ViewModel;
			sourceTree = "<group>";
		};
		05A0F4BA2A11420F00AEE01F /* Model */ = {
			isa = PBXGroup;
			children = (
				05A0F4BB2A11422B00AEE01F /* PhotosStruct.swift */,
				05A0F4CE2A1381F700AEE01F /* TopicsStruct.swift */,
				05467BB42A140F5500BC86A9 /* RegisterStruct.swift */,
			);
			path = Model;
			sourceTree = "<group>";
		};
		05A0F4C12A1281B300AEE01F /* PhotosManager */ = {
			isa = PBXGroup;
			children = (
				05A0F4C22A1281DC00AEE01F /* PhotosManager.swift */,
				05A0F4C42A12826B00AEE01F /* PhotosManagerHelper.swift */,
			);
			path = PhotosManager;
			sourceTree = "<group>";
		};
		05A0F4D02A1384B200AEE01F /* Helper */ = {
			isa = PBXGroup;
			children = (
				057E61222A1D0EF2008740F2 /* ReusableCollection */,
				05A0F4D22A1384F600AEE01F /* XIB */,
				05A0F4D12A1384BF00AEE01F /* Extension */,
			);
			path = Helper;
			sourceTree = "<group>";
		};
		05A0F4D12A1384BF00AEE01F /* Extension */ = {
			isa = PBXGroup;
			children = (
				05A0F4CA2A128D6D00AEE01F /* UIImageView+ext.swift */,
			);
			path = Extension;
			sourceTree = "<group>";
		};
		05A0F4D22A1384F600AEE01F /* XIB */ = {
			isa = PBXGroup;
			children = (
				05A0F4C62A128A2C00AEE01F /* PhotosViewCell.swift */,
				05A0F4C72A128A2C00AEE01F /* PhotosViewCell.xib */,
				057E611A2A167D28008740F2 /* TopicsViewCell.swift */,
				057E611B2A167D28008740F2 /* TopicsViewCell.xib */,
			);
			path = XIB;
			sourceTree = "<group>";
		};
		1596914FD5F906FBED02F14C /* Pods */ = {
			isa = PBXGroup;
			children = (
				4EE4FF3B16A3475A465ACC8D /* Pods-UnsplashApp.debug.xcconfig */,
				65C1AB8604738E4399739CE9 /* Pods-UnsplashApp.release.xcconfig */,
			);
			path = Pods;
			sourceTree = "<group>";
		};
		5AC6470F92C16254E054548B /* Frameworks */ = {
			isa = PBXGroup;
			children = (
				D96278CD26B9EC0FCEC23569 /* Pods_UnsplashApp.framework */,
			);
			name = Frameworks;
			sourceTree = "<group>";
		};
/* End PBXGroup section */

/* Begin PBXNativeTarget section */
		05A0F4952A0F820100AEE01F /* UnsplashApp */ = {
			isa = PBXNativeTarget;
			buildConfigurationList = 05A0F4AA2A0F820400AEE01F /* Build configuration list for PBXNativeTarget "UnsplashApp" */;
			buildPhases = (
				CAA69A8FF5353CF2B2CE74AA /* [CP] Check Pods Manifest.lock */,
				05A0F4922A0F820100AEE01F /* Sources */,
				05A0F4932A0F820100AEE01F /* Frameworks */,
				05A0F4942A0F820100AEE01F /* Resources */,
				0389FF73CE71B4C407EB2444 /* [CP] Embed Pods Frameworks */,
			);
			buildRules = (
			);
			dependencies = (
			);
			name = UnsplashApp;
			productName = UnsplashApp;
			productReference = 05A0F4962A0F820100AEE01F /* UnsplashApp.app */;
			productType = "com.apple.product-type.application";
		};
/* End PBXNativeTarget section */

/* Begin PBXProject section */
		05A0F48E2A0F820100AEE01F /* Project object */ = {
			isa = PBXProject;
			attributes = {
				BuildIndependentTargetsInParallel = 1;
				LastSwiftUpdateCheck = 1410;
				LastUpgradeCheck = 1410;
				TargetAttributes = {
					05A0F4952A0F820100AEE01F = {
						CreatedOnToolsVersion = 14.1;
					};
				};
			};
			buildConfigurationList = 05A0F4912A0F820100AEE01F /* Build configuration list for PBXProject "UnsplashApp" */;
			compatibilityVersion = "Xcode 14.0";
			developmentRegion = en;
			hasScannedForEncodings = 0;
			knownRegions = (
				en,
				Base,
			);
			mainGroup = 05A0F48D2A0F820100AEE01F;
			productRefGroup = 05A0F4972A0F820100AEE01F /* Products */;
			projectDirPath = "";
			projectRoot = "";
			targets = (
				05A0F4952A0F820100AEE01F /* UnsplashApp */,
			);
		};
/* End PBXProject section */

/* Begin PBXResourcesBuildPhase section */
		05A0F4942A0F820100AEE01F /* Resources */ = {
			isa = PBXResourcesBuildPhase;
			buildActionMask = 2147483647;
			files = (
				05A0F4A62A0F820400AEE01F /* LaunchScreen.storyboard in Resources */,
				05A0F4A32A0F820400AEE01F /* Assets.xcassets in Resources */,
				057E611D2A167D28008740F2 /* TopicsViewCell.xib in Resources */,
				05A0F4A12A0F820100AEE01F /* Main.storyboard in Resources */,
				05A0F4C92A128A2C00AEE01F /* PhotosViewCell.xib in Resources */,
			);
			runOnlyForDeploymentPostprocessing = 0;
		};
/* End PBXResourcesBuildPhase section */

/* Begin PBXShellScriptBuildPhase section */
		0389FF73CE71B4C407EB2444 /* [CP] Embed Pods Frameworks */ = {
			isa = PBXShellScriptBuildPhase;
			buildActionMask = 2147483647;
			files = (
			);
			inputFileListPaths = (
				"${PODS_ROOT}/Target Support Files/Pods-UnsplashApp/Pods-UnsplashApp-frameworks-${CONFIGURATION}-input-files.xcfilelist",
			);
			name = "[CP] Embed Pods Frameworks";
			outputFileListPaths = (
				"${PODS_ROOT}/Target Support Files/Pods-UnsplashApp/Pods-UnsplashApp-frameworks-${CONFIGURATION}-output-files.xcfilelist",
			);
			runOnlyForDeploymentPostprocessing = 0;
			shellPath = /bin/sh;
			shellScript = "\"${PODS_ROOT}/Target Support Files/Pods-UnsplashApp/Pods-UnsplashApp-frameworks.sh\"\n";
			showEnvVarsInLog = 0;
		};
		CAA69A8FF5353CF2B2CE74AA /* [CP] Check Pods Manifest.lock */ = {
			isa = PBXShellScriptBuildPhase;
			buildActionMask = 2147483647;
			files = (
			);
			inputFileListPaths = (
			);
			inputPaths = (
				"${PODS_PODFILE_DIR_PATH}/Podfile.lock",
				"${PODS_ROOT}/Manifest.lock",
			);
			name = "[CP] Check Pods Manifest.lock";
			outputFileListPaths = (
			);
			outputPaths = (
				"$(DERIVED_FILE_DIR)/Pods-UnsplashApp-checkManifestLockResult.txt",
			);
			runOnlyForDeploymentPostprocessing = 0;
			shellPath = /bin/sh;
			shellScript = "diff \"${PODS_PODFILE_DIR_PATH}/Podfile.lock\" \"${PODS_ROOT}/Manifest.lock\" > /dev/null\nif [ $? != 0 ] ; then\n    # print error to STDERR\n    echo \"error: The sandbox is not in sync with the Podfile.lock. Run 'pod install' or update your CocoaPods installation.\" >&2\n    exit 1\nfi\n# This output is used by Xcode 'outputs' to avoid re-running this script phase.\necho \"SUCCESS\" > \"${SCRIPT_OUTPUT_FILE_0}\"\n";
			showEnvVarsInLog = 0;
		};
/* End PBXShellScriptBuildPhase section */

/* Begin PBXSourcesBuildPhase section */
		05A0F4922A0F820100AEE01F /* Sources */ = {
			isa = PBXSourcesBuildPhase;
			buildActionMask = 2147483647;
			files = (
				05A0F4BE2A1169C300AEE01F /* LoginViewController.swift in Sources */,
				057E611C2A167D28008740F2 /* TopicsViewCell.swift in Sources */,
				05A0F4C02A1230BC00AEE01F /* RegisterViewController.swift in Sources */,
				05A0F4D42A13854A00AEE01F /* UserPhotosViewController.swift in Sources */,
				05A0F4B92A11410A00AEE01F /* PhotosViewModel.swift in Sources */,
				05A0F4AF2A0F856D00AEE01F /* MainViewController.swift in Sources */,
				05A0F4CF2A1381F700AEE01F /* TopicsStruct.swift in Sources */,
				057E61212A1D0EE9008740F2 /* HeaderCollectionReusableView.swift in Sources */,
				05A0F49A2A0F820100AEE01F /* AppDelegate.swift in Sources */,
				05A0F4C32A1281DC00AEE01F /* PhotosManager.swift in Sources */,
				05467BB72A14102E00BC86A9 /* RegisterViewModel.swift in Sources */,
				05A0F4B42A112FE300AEE01F /* NetworkManager.swift in Sources */,
				05A0F4B12A0F85E000AEE01F /* SearchViewController.swift in Sources */,
				057E611F2A1BE331008740F2 /* UnsplashInfoViewController.swift in Sources */,
				05467BB52A140F5500BC86A9 /* RegisterStruct.swift in Sources */,
				05A0F4C52A12826B00AEE01F /* PhotosManagerHelper.swift in Sources */,
				05A0F4CB2A128D6D00AEE01F /* UIImageView+ext.swift in Sources */,
				05A0F4BC2A11422B00AEE01F /* PhotosStruct.swift in Sources */,
				05A0F4B62A11301100AEE01F /* NetworkHelper.swift in Sources */,
				05A0F4C82A128A2C00AEE01F /* PhotosViewCell.swift in Sources */,
				05A0F49C2A0F820100AEE01F /* SceneDelegate.swift in Sources */,
			);
			runOnlyForDeploymentPostprocessing = 0;
		};
/* End PBXSourcesBuildPhase section */

/* Begin PBXVariantGroup section */
		05A0F49F2A0F820100AEE01F /* Main.storyboard */ = {
			isa = PBXVariantGroup;
			children = (
				05A0F4A02A0F820100AEE01F /* Base */,
			);
			name = Main.storyboard;
			sourceTree = "<group>";
		};
		05A0F4A42A0F820400AEE01F /* LaunchScreen.storyboard */ = {
			isa = PBXVariantGroup;
			children = (
				05A0F4A52A0F820400AEE01F /* Base */,
			);
			name = LaunchScreen.storyboard;
			sourceTree = "<group>";
		};
/* End PBXVariantGroup section */

/* Begin XCBuildConfiguration section */
		05A0F4A82A0F820400AEE01F /* Debug */ = {
			isa = XCBuildConfiguration;
			buildSettings = {
				ALWAYS_SEARCH_USER_PATHS = NO;
				CLANG_ANALYZER_NONNULL = YES;
				CLANG_ANALYZER_NUMBER_OBJECT_CONVERSION = YES_AGGRESSIVE;
				CLANG_CXX_LANGUAGE_STANDARD = "gnu++20";
				CLANG_ENABLE_MODULES = YES;
				CLANG_ENABLE_OBJC_ARC = YES;
				CLANG_ENABLE_OBJC_WEAK = YES;
				CLANG_WARN_BLOCK_CAPTURE_AUTORELEASING = YES;
				CLANG_WARN_BOOL_CONVERSION = YES;
				CLANG_WARN_COMMA = YES;
				CLANG_WARN_CONSTANT_CONVERSION = YES;
				CLANG_WARN_DEPRECATED_OBJC_IMPLEMENTATIONS = YES;
				CLANG_WARN_DIRECT_OBJC_ISA_USAGE = YES_ERROR;
				CLANG_WARN_DOCUMENTATION_COMMENTS = YES;
				CLANG_WARN_EMPTY_BODY = YES;
				CLANG_WARN_ENUM_CONVERSION = YES;
				CLANG_WARN_INFINITE_RECURSION = YES;
				CLANG_WARN_INT_CONVERSION = YES;
				CLANG_WARN_NON_LITERAL_NULL_CONVERSION = YES;
				CLANG_WARN_OBJC_IMPLICIT_RETAIN_SELF = YES;
				CLANG_WARN_OBJC_LITERAL_CONVERSION = YES;
				CLANG_WARN_OBJC_ROOT_CLASS = YES_ERROR;
				CLANG_WARN_QUOTED_INCLUDE_IN_FRAMEWORK_HEADER = YES;
				CLANG_WARN_RANGE_LOOP_ANALYSIS = YES;
				CLANG_WARN_STRICT_PROTOTYPES = YES;
				CLANG_WARN_SUSPICIOUS_MOVE = YES;
				CLANG_WARN_UNGUARDED_AVAILABILITY = YES_AGGRESSIVE;
				CLANG_WARN_UNREACHABLE_CODE = YES;
				CLANG_WARN__DUPLICATE_METHOD_MATCH = YES;
				COPY_PHASE_STRIP = NO;
				DEBUG_INFORMATION_FORMAT = dwarf;
				ENABLE_STRICT_OBJC_MSGSEND = YES;
				ENABLE_TESTABILITY = YES;
				GCC_C_LANGUAGE_STANDARD = gnu11;
				GCC_DYNAMIC_NO_PIC = NO;
				GCC_NO_COMMON_BLOCKS = YES;
				GCC_OPTIMIZATION_LEVEL = 0;
				GCC_PREPROCESSOR_DEFINITIONS = (
					"DEBUG=1",
					"$(inherited)",
				);
				GCC_WARN_64_TO_32_BIT_CONVERSION = YES;
				GCC_WARN_ABOUT_RETURN_TYPE = YES_ERROR;
				GCC_WARN_UNDECLARED_SELECTOR = YES;
				GCC_WARN_UNINITIALIZED_AUTOS = YES_AGGRESSIVE;
				GCC_WARN_UNUSED_FUNCTION = YES;
				GCC_WARN_UNUSED_VARIABLE = YES;
				IPHONEOS_DEPLOYMENT_TARGET = 16.1;
				MTL_ENABLE_DEBUG_INFO = INCLUDE_SOURCE;
				MTL_FAST_MATH = YES;
				ONLY_ACTIVE_ARCH = YES;
				SDKROOT = iphoneos;
				SWIFT_ACTIVE_COMPILATION_CONDITIONS = DEBUG;
				SWIFT_OPTIMIZATION_LEVEL = "-Onone";
			};
			name = Debug;
		};
		05A0F4A92A0F820400AEE01F /* Release */ = {
			isa = XCBuildConfiguration;
			buildSettings = {
				ALWAYS_SEARCH_USER_PATHS = NO;
				CLANG_ANALYZER_NONNULL = YES;
				CLANG_ANALYZER_NUMBER_OBJECT_CONVERSION = YES_AGGRESSIVE;
				CLANG_CXX_LANGUAGE_STANDARD = "gnu++20";
				CLANG_ENABLE_MODULES = YES;
				CLANG_ENABLE_OBJC_ARC = YES;
				CLANG_ENABLE_OBJC_WEAK = YES;
				CLANG_WARN_BLOCK_CAPTURE_AUTORELEASING = YES;
				CLANG_WARN_BOOL_CONVERSION = YES;
				CLANG_WARN_COMMA = YES;
				CLANG_WARN_CONSTANT_CONVERSION = YES;
				CLANG_WARN_DEPRECATED_OBJC_IMPLEMENTATIONS = YES;
				CLANG_WARN_DIRECT_OBJC_ISA_USAGE = YES_ERROR;
				CLANG_WARN_DOCUMENTATION_COMMENTS = YES;
				CLANG_WARN_EMPTY_BODY = YES;
				CLANG_WARN_ENUM_CONVERSION = YES;
				CLANG_WARN_INFINITE_RECURSION = YES;
				CLANG_WARN_INT_CONVERSION = YES;
				CLANG_WARN_NON_LITERAL_NULL_CONVERSION = YES;
				CLANG_WARN_OBJC_IMPLICIT_RETAIN_SELF = YES;
				CLANG_WARN_OBJC_LITERAL_CONVERSION = YES;
				CLANG_WARN_OBJC_ROOT_CLASS = YES_ERROR;
				CLANG_WARN_QUOTED_INCLUDE_IN_FRAMEWORK_HEADER = YES;
				CLANG_WARN_RANGE_LOOP_ANALYSIS = YES;
				CLANG_WARN_STRICT_PROTOTYPES = YES;
				CLANG_WARN_SUSPICIOUS_MOVE = YES;
				CLANG_WARN_UNGUARDED_AVAILABILITY = YES_AGGRESSIVE;
				CLANG_WARN_UNREACHABLE_CODE = YES;
				CLANG_WARN__DUPLICATE_METHOD_MATCH = YES;
				COPY_PHASE_STRIP = NO;
				DEBUG_INFORMATION_FORMAT = "dwarf-with-dsym";
				ENABLE_NS_ASSERTIONS = NO;
				ENABLE_STRICT_OBJC_MSGSEND = YES;
				GCC_C_LANGUAGE_STANDARD = gnu11;
				GCC_NO_COMMON_BLOCKS = YES;
				GCC_WARN_64_TO_32_BIT_CONVERSION = YES;
				GCC_WARN_ABOUT_RETURN_TYPE = YES_ERROR;
				GCC_WARN_UNDECLARED_SELECTOR = YES;
				GCC_WARN_UNINITIALIZED_AUTOS = YES_AGGRESSIVE;
				GCC_WARN_UNUSED_FUNCTION = YES;
				GCC_WARN_UNUSED_VARIABLE = YES;
				IPHONEOS_DEPLOYMENT_TARGET = 16.1;
				MTL_ENABLE_DEBUG_INFO = NO;
				MTL_FAST_MATH = YES;
				SDKROOT = iphoneos;
				SWIFT_COMPILATION_MODE = wholemodule;
				SWIFT_OPTIMIZATION_LEVEL = "-O";
				VALIDATE_PRODUCT = YES;
			};
			name = Release;
		};
		05A0F4AB2A0F820400AEE01F /* Debug */ = {
			isa = XCBuildConfiguration;
			baseConfigurationReference = 4EE4FF3B16A3475A465ACC8D /* Pods-UnsplashApp.debug.xcconfig */;
			buildSettings = {
				ASSETCATALOG_COMPILER_APPICON_NAME = AppIcon;
				ASSETCATALOG_COMPILER_GLOBAL_ACCENT_COLOR_NAME = AccentColor;
				CODE_SIGN_STYLE = Automatic;
				CURRENT_PROJECT_VERSION = 1;
				GENERATE_INFOPLIST_FILE = YES;
				INFOPLIST_FILE = UnsplashApp/Info.plist;
				INFOPLIST_KEY_UIApplicationSupportsIndirectInputEvents = YES;
				INFOPLIST_KEY_UILaunchStoryboardName = LaunchScreen;
				INFOPLIST_KEY_UIMainStoryboardFile = Main;
				INFOPLIST_KEY_UISupportedInterfaceOrientations_iPad = "UIInterfaceOrientationPortrait UIInterfaceOrientationPortraitUpsideDown UIInterfaceOrientationLandscapeLeft UIInterfaceOrientationLandscapeRight";
				INFOPLIST_KEY_UISupportedInterfaceOrientations_iPhone = "UIInterfaceOrientationPortrait UIInterfaceOrientationLandscapeLeft UIInterfaceOrientationLandscapeRight";
				LD_RUNPATH_SEARCH_PATHS = (
					"$(inherited)",
					"@executable_path/Frameworks",
				);
				MARKETING_VERSION = 1.0;
				PRODUCT_BUNDLE_IDENTIFIER = com.nigarn23.UnsplashApp;
				PRODUCT_NAME = "$(TARGET_NAME)";
				SWIFT_EMIT_LOC_STRINGS = YES;
				SWIFT_VERSION = 5.0;
				TARGETED_DEVICE_FAMILY = "1,2";
			};
			name = Debug;
		};
		05A0F4AC2A0F820400AEE01F /* Release */ = {
			isa = XCBuildConfiguration;
			baseConfigurationReference = 65C1AB8604738E4399739CE9 /* Pods-UnsplashApp.release.xcconfig */;
			buildSettings = {
				ASSETCATALOG_COMPILER_APPICON_NAME = AppIcon;
				ASSETCATALOG_COMPILER_GLOBAL_ACCENT_COLOR_NAME = AccentColor;
				CODE_SIGN_STYLE = Automatic;
				CURRENT_PROJECT_VERSION = 1;
				GENERATE_INFOPLIST_FILE = YES;
				INFOPLIST_FILE = UnsplashApp/Info.plist;
				INFOPLIST_KEY_UIApplicationSupportsIndirectInputEvents = YES;
				INFOPLIST_KEY_UILaunchStoryboardName = LaunchScreen;
				INFOPLIST_KEY_UIMainStoryboardFile = Main;
				INFOPLIST_KEY_UISupportedInterfaceOrientations_iPad = "UIInterfaceOrientationPortrait UIInterfaceOrientationPortraitUpsideDown UIInterfaceOrientationLandscapeLeft UIInterfaceOrientationLandscapeRight";
				INFOPLIST_KEY_UISupportedInterfaceOrientations_iPhone = "UIInterfaceOrientationPortrait UIInterfaceOrientationLandscapeLeft UIInterfaceOrientationLandscapeRight";
				LD_RUNPATH_SEARCH_PATHS = (
					"$(inherited)",
					"@executable_path/Frameworks",
				);
				MARKETING_VERSION = 1.0;
				PRODUCT_BUNDLE_IDENTIFIER = com.nigarn23.UnsplashApp;
				PRODUCT_NAME = "$(TARGET_NAME)";
				SWIFT_EMIT_LOC_STRINGS = YES;
				SWIFT_VERSION = 5.0;
				TARGETED_DEVICE_FAMILY = "1,2";
			};
			name = Release;
		};
/* End XCBuildConfiguration section */

/* Begin XCConfigurationList section */
		05A0F4912A0F820100AEE01F /* Build configuration list for PBXProject "UnsplashApp" */ = {
			isa = XCConfigurationList;
			buildConfigurations = (
				05A0F4A82A0F820400AEE01F /* Debug */,
				05A0F4A92A0F820400AEE01F /* Release */,
			);
			defaultConfigurationIsVisible = 0;
			defaultConfigurationName = Release;
		};
		05A0F4AA2A0F820400AEE01F /* Build configuration list for PBXNativeTarget "UnsplashApp" */ = {
			isa = XCConfigurationList;
			buildConfigurations = (
				05A0F4AB2A0F820400AEE01F /* Debug */,
				05A0F4AC2A0F820400AEE01F /* Release */,
			);
			defaultConfigurationIsVisible = 0;
			defaultConfigurationName = Release;
		};
/* End XCConfigurationList section */
	};
	rootObject = 05A0F48E2A0F820100AEE01F /* Project object */;
}
